lockfileVersion: '9.0'

settings:
  autoInstallPeers: true
  excludeLinksFromLockfile: false

importers:

  .:
    devDependencies:
      oxc-transform:
        specifier: ^0.65.0
        version: 0.65.0

packages:

  '@emnapi/core@1.4.3':
    resolution: {integrity: sha512-4m62DuCE07lw01soJwPiBGC0nAww0Q+RY70VZ+n49yDIO13yyinhbWCeNnaob0lakDtWQzSdtNWzJeOJt2ma+g==}

  '@emnapi/runtime@1.4.3':
    resolution: {integrity: sha512-pBPWdu6MLKROBX05wSNKcNb++m5Er+KQ9QkB+WVM+pW2Kx9hoSrVTnu3BdkI5eBLZoKu/J6mW/B6i6bJB2ytXQ==}

  '@emnapi/wasi-threads@1.0.2':
    resolution: {integrity: sha512-5n3nTJblwRi8LlXkJ9eBzu+kZR8Yxcc7ubakyQTFzPMtIhFpUBRbsnc2Dv88IZDIbCDlBiWrknhB4Lsz7mg6BA==}

  '@napi-rs/wasm-runtime@0.2.9':
    resolution: {integrity: sha512-OKRBiajrrxB9ATokgEQoG87Z25c67pCpYcCwmXYX8PBftC9pBfN18gnm/fh1wurSLEKIAt+QRFLFCQISrb66Jg==}

  '@oxc-transform/binding-darwin-arm64@0.65.0':
    resolution: {integrity: sha512-hHfhOKyH+8DOj0VUmWl6RPLy3F0jCMCUMuKICzfelvSEs5uu8YRJ7fmQSsQD9E0oTrbbdkNVjq/1mcAPHzIBsg==}
    engines: {node: '>=14.0.0'}
    cpu: [arm64]
    os: [darwin]

  '@oxc-transform/binding-darwin-x64@0.65.0':
    resolution: {integrity: sha512-MNeaCPBVB1oOdb4kMZnKej8kSoxqf4XqAfFIKgx2mV1gJnW3PfwAbpqhad+XH3QM49dB++Gyaw7SPNwQLpL3YQ==}
    engines: {node: '>=14.0.0'}
    cpu: [x64]
    os: [darwin]

  '@oxc-transform/binding-linux-arm-gnueabihf@0.65.0':
    resolution: {integrity: sha512-YpmBf4AhtAdsLV7XYY9/UxVmgewumgVlNVcPXXXAQ5shMEYhu2K/fCvlWBFe6vYNXFmXAAnDihOjLrq8n+NhnA==}
    engines: {node: '>=14.0.0'}
    cpu: [arm]
    os: [linux]

  '@oxc-transform/binding-linux-arm64-gnu@0.65.0':
    resolution: {integrity: sha512-HbGl1QBvxCBVfRJdrcZliOsvjeoyMJQn6UUbYzQR8ud7SY2Ozp0Qf5VG0yjXvt/9BPcmOYMIxVCeKqSSkQ74XA==}
    engines: {node: '>=14.0.0'}
    cpu: [arm64]
    os: [linux]

  '@oxc-transform/binding-linux-arm64-musl@0.65.0':
    resolution: {integrity: sha512-80gSeSVY9fm+xoLBkTYdJT2RYCqMy/NAqT6azQoJj3DczoNKU/4GV4F6jpINRWYUqIUAZt3RSvAQtdW3tWAjfw==}
    engines: {node: '>=14.0.0'}
    cpu: [arm64]
    os: [linux]

  '@oxc-transform/binding-linux-x64-gnu@0.65.0':
    resolution: {integrity: sha512-Wsl+qLcaC3EeZT/ZjPuGTOtcHYu25HeEO1jCnZmIhFfz+1RWmaEK5P5xVVJbrAgNPMVOfqbUM0EwMCfvNmmPaQ==}
    engines: {node: '>=14.0.0'}
    cpu: [x64]
    os: [linux]

  '@oxc-transform/binding-linux-x64-musl@0.65.0':
    resolution: {integrity: sha512-0kvRnt7EsKeGxxyt90l7yotSH5Ik5G9fbFJxkDCzPT23FzIQC8U4O1GzqNxnSj8VT/lRJGKcCL6KfSa6ttzQRQ==}
    engines: {node: '>=14.0.0'}
    cpu: [x64]
    os: [linux]

  '@oxc-transform/binding-wasm32-wasi@0.65.0':
    resolution: {integrity: sha512-gKfpf5BY28Cq0scUV//oBlzXg+XFbi2tKpKDqE/ee4Z0ySeDQ66pwBUp3nnEG7EsVZjKhE8yksPN4YOCoZhG9g==}
    engines: {node: '>=14.0.0'}
    cpu: [wasm32]

  '@oxc-transform/binding-win32-arm64-msvc@0.65.0':
    resolution: {integrity: sha512-InHZNcL6hB2QLaiw3KNe+Aqnk+FRt4vuVmDXUibZ0fZSQorcFw/T267PtVVuWIzFNa6CQPU4ie0rxIdP0sHcFg==}
    engines: {node: '>=14.0.0'}
    cpu: [arm64]
    os: [win32]

  '@oxc-transform/binding-win32-x64-msvc@0.65.0':
    resolution: {integrity: sha512-qvLEPowed0OcSEgztGXw1QF53KhLYYYWGxOK2H+9PSXpkNcYaeUQ1XOngR9kO8yIhpBt1/EOrVFeNK8biy0c7g==}
    engines: {node: '>=14.0.0'}
    cpu: [x64]
    os: [win32]

  '@tybys/wasm-util@0.9.0':
    resolution: {integrity: sha512-6+7nlbMVX/PVDCwaIQ8nTOPveOcFLSt8GcXdx8hD0bt39uWxYT88uXzqTd4fTvqta7oeUJqudepapKNt2DYJFw==}

  oxc-transform@0.65.0:
    resolution: {integrity: sha512-TWAMi8zVvORQw545O1/1irpbMPDQGD6ernen5QyY5PCL9nj3RqgR1ULlQiHVDXEl2rW+OtHF8KS0ItAUyOfQ+Q==}
    engines: {node: '>=14.0.0'}

  tslib@2.8.1:
    resolution: {integrity: sha512-oJFu94HQb+KVduSUQL7wnpmqnfmLsOA/nAh6b6EH0wCEoK0/mPeXU6c3wKDV83MkOuHPRHtSXKKU99IBazS/2w==}

snapshots:

  '@emnapi/core@1.4.3':
    dependencies:
      '@emnapi/wasi-threads': 1.0.2
      tslib: 2.8.1
    optional: true

  '@emnapi/runtime@1.4.3':
    dependencies:
      tslib: 2.8.1
    optional: true

  '@emnapi/wasi-threads@1.0.2':
    dependencies:
      tslib: 2.8.1
    optional: true

  '@napi-rs/wasm-runtime@0.2.9':
    dependencies:
      '@emnapi/core': 1.4.3
      '@emnapi/runtime': 1.4.3
      '@tybys/wasm-util': 0.9.0
    optional: true

  '@oxc-transform/binding-darwin-arm64@0.65.0':
    optional: true

  '@oxc-transform/binding-darwin-x64@0.65.0':
    optional: true

  '@oxc-transform/binding-linux-arm-gnueabihf@0.65.0':
    optional: true

  '@oxc-transform/binding-linux-arm64-gnu@0.65.0':
    optional: true

  '@oxc-transform/binding-linux-arm64-musl@0.65.0':
    optional: true

  '@oxc-transform/binding-linux-x64-gnu@0.65.0':
    optional: true

  '@oxc-transform/binding-linux-x64-musl@0.65.0':
    optional: true

  '@oxc-transform/binding-wasm32-wasi@0.65.0':
    dependencies:
      '@napi-rs/wasm-runtime': 0.2.9
    optional: true

  '@oxc-transform/binding-win32-arm64-msvc@0.65.0':
    optional: true

  '@oxc-transform/binding-win32-x64-msvc@0.65.0':
    optional: true

  '@tybys/wasm-util@0.9.0':
    dependencies:
      tslib: 2.8.1
    optional: true

  oxc-transform@0.65.0:
    optionalDependencies:
      '@oxc-transform/binding-darwin-arm64': 0.65.0
      '@oxc-transform/binding-darwin-x64': 0.65.0
      '@oxc-transform/binding-linux-arm-gnueabihf': 0.65.0
      '@oxc-transform/binding-linux-arm64-gnu': 0.65.0
      '@oxc-transform/binding-linux-arm64-musl': 0.65.0
      '@oxc-transform/binding-linux-x64-gnu': 0.65.0
      '@oxc-transform/binding-linux-x64-musl': 0.65.0
      '@oxc-transform/binding-wasm32-wasi': 0.65.0
      '@oxc-transform/binding-win32-arm64-msvc': 0.65.0
      '@oxc-transform/binding-win32-x64-msvc': 0.65.0

  tslib@2.8.1:
    optional: true
